
Microsoft Visual Studio Solution File, Format Version 12.00
# Visual Studio Version 17
VisualStudioVersion = 17.0.32112.339
MinimumVisualStudioVersion = 10.0.40219.1
Project("{FAE04EC0-301F-11D3-BF4B-00C04F79EFBC}") = "exercicio1.ConsoleApp", "exercicio1.ConsoleApp\exercicio1.ConsoleApp.csproj", "{B934C009-8BDB-47E4-963A-B3A22A82E5C5}"
EndProject
Project("{FAE04EC0-301F-11D3-BF4B-00C04F79EFBC}") = "exercicio2.ConsoleApp", "exercicio2.ConsoleApp\exercicio2.ConsoleApp.csproj", "{47FBFDEF-0D04-45EA-84B0-203ABA6AEBD6}"
EndProject
Project("{FAE04EC0-301F-11D3-BF4B-00C04F79EFBC}") = "exercicio3.ConsoleApp", "exercicio3.ConsoleApp\exercicio3.ConsoleApp.csproj", "{22C8213C-BCD9-49FD-A3FD-C05E032279B5}"
EndProject
Project("{FAE04EC0-301F-11D3-BF4B-00C04F79EFBC}") = "exercicio4.ConsoleApp", "exercicio4.ConsoleApp\exercicio4.ConsoleApp.csproj", "{BFCFD97D-1292-4DCE-9AE1-C3EE8B194597}"
EndProject
Project("{FAE04EC0-301F-11D3-BF4B-00C04F79EFBC}") = "exercicio5.ConsoleApp", "exercicio5.ConsoleApp\exercicio5.ConsoleApp.csproj", "{242E85B5-6F4A-4923-89EB-0525773AD062}"
EndProject
Global
	GlobalSection(SolutionConfigurationPlatforms) = preSolution
		Debug|Any CPU = Debug|Any CPU
		Release|Any CPU = Release|Any CPU
	EndGlobalSection
	GlobalSection(ProjectConfigurationPlatforms) = postSolution
		{B934C009-8BDB-47E4-963A-B3A22A82E5C5}.Debug|Any CPU.ActiveCfg = Debug|Any CPU
		{B934C009-8BDB-47E4-963A-B3A22A82E5C5}.Debug|Any CPU.Build.0 = Debug|Any CPU
		{B934C009-8BDB-47E4-963A-B3A22A82E5C5}.Release|Any CPU.ActiveCfg = Release|Any CPU
		{B934C009-8BDB-47E4-963A-B3A22A82E5C5}.Release|Any CPU.Build.0 = Release|Any CPU
		{47FBFDEF-0D04-45EA-84B0-203ABA6AEBD6}.Debug|Any CPU.ActiveCfg = Debug|Any CPU
		{47FBFDEF-0D04-45EA-84B0-203ABA6AEBD6}.Debug|Any CPU.Build.0 = Debug|Any CPU
		{47FBFDEF-0D04-45EA-84B0-203ABA6AEBD6}.Release|Any CPU.ActiveCfg = Release|Any CPU
		{47FBFDEF-0D04-45EA-84B0-203ABA6AEBD6}.Release|Any CPU.Build.0 = Release|Any CPU
		{22C8213C-BCD9-49FD-A3FD-C05E032279B5}.Debug|Any CPU.ActiveCfg = Debug|Any CPU
		{22C8213C-BCD9-49FD-A3FD-C05E032279B5}.Debug|Any CPU.Build.0 = Debug|Any CPU
		{22C8213C-BCD9-49FD-A3FD-C05E032279B5}.Release|Any CPU.ActiveCfg = Release|Any CPU
		{22C8213C-BCD9-49FD-A3FD-C05E032279B5}.Release|Any CPU.Build.0 = Release|Any CPU
		{BFCFD97D-1292-4DCE-9AE1-C3EE8B194597}.Debug|Any CPU.ActiveCfg = Debug|Any CPU
		{BFCFD97D-1292-4DCE-9AE1-C3EE8B194597}.Debug|Any CPU.Build.0 = Debug|Any CPU
		{BFCFD97D-1292-4DCE-9AE1-C3EE8B194597}.Release|Any CPU.ActiveCfg = Release|Any CPU
		{BFCFD97D-1292-4DCE-9AE1-C3EE8B194597}.Release|Any CPU.Build.0 = Release|Any CPU
		{242E85B5-6F4A-4923-89EB-0525773AD062}.Debug|Any CPU.ActiveCfg = Debug|Any CPU
		{242E85B5-6F4A-4923-89EB-0525773AD062}.Debug|Any CPU.Build.0 = Debug|Any CPU
		{242E85B5-6F4A-4923-89EB-0525773AD062}.Release|Any CPU.ActiveCfg = Release|Any CPU
		{242E85B5-6F4A-4923-89EB-0525773AD062}.Release|Any CPU.Build.0 = Release|Any CPU
	EndGlobalSection
	GlobalSection(SolutionProperties) = preSolution
		HideSolutionNode = FALSE
	EndGlobalSection
	GlobalSection(ExtensibilityGlobals) = postSolution
		SolutionGuid = {B9C9D748-85F0-4343-A09B-FF36333C68F6}
	EndGlobalSection
EndGlobal
